
Microsoft Visual Studio Solution File, Format Version 12.00
# Visual Studio Version 17
VisualStudioVersion = 17.11.35312.102
MinimumVisualStudioVersion = 10.0.40219.1
Project("{FAE04EC0-301F-11D3-BF4B-00C04F79EFBC}") = "Homework7.3", "Homework7.3.csproj", "{22D5E119-3F80-4170-A4E0-DB2D53FFA1A7}"
EndProject
Global
	GlobalSection(SolutionConfigurationPlatforms) = preSolution
		Debug|Any CPU = Debug|Any CPU
		Release|Any CPU = Release|Any CPU
	EndGlobalSection
	GlobalSection(ProjectConfigurationPlatforms) = postSolution
		{22D5E119-3F80-4170-A4E0-DB2D53FFA1A7}.Debug|Any CPU.ActiveCfg = Debug|Any CPU
		{22D5E119-3F80-4170-A4E0-DB2D53FFA1A7}.Debug|Any CPU.Build.0 = Debug|Any CPU
		{22D5E119-3F80-4170-A4E0-DB2D53FFA1A7}.Release|Any CPU.ActiveCfg = Release|Any CPU
		{22D5E119-3F80-4170-A4E0-DB2D53FFA1A7}.Release|Any CPU.Build.0 = Release|Any CPU
	EndGlobalSection
	GlobalSection(SolutionProperties) = preSolution
		HideSolutionNode = FALSE
	EndGlobalSection
	GlobalSection(ExtensibilityGlobals) = postSolution
		SolutionGuid = {55724B8E-9036-43C8-AD30-1C1575FC6672}
	EndGlobalSection
EndGlobal
